// !$*UTF8*$!
{
	archiveVersion = 1;
	classes = {
	};
	objectVersion = 55;
	objects = {

/* Begin PBXBuildFile section */
		2DABC64FFC85B2701A5D39F2 /* Pods_LFP_Project_MVVMpattern.framework in Frameworks */ = {isa = PBXBuildFile; fileRef = F9BB24AED4506A1FB166F9B2 /* Pods_LFP_Project_MVVMpattern.framework */; };
		FA028925279AAAF800F6489F /* AppDelegate.swift in Sources */ = {isa = PBXBuildFile; fileRef = FA028924279AAAF800F6489F /* AppDelegate.swift */; };
		FA02892E279AAAFA00F6489F /* Assets.xcassets in Resources */ = {isa = PBXBuildFile; fileRef = FA02892D279AAAFA00F6489F /* Assets.xcassets */; };
		FA028931279AAAFA00F6489F /* LaunchScreen.storyboard in Resources */ = {isa = PBXBuildFile; fileRef = FA02892F279AAAFA00F6489F /* LaunchScreen.storyboard */; };
		FAA4E23A279EE52B00BC0196 /* LoginViewController.swift in Sources */ = {isa = PBXBuildFile; fileRef = FAA4E239279EE52B00BC0196 /* LoginViewController.swift */; };
		FAA4E23E279EE55200BC0196 /* RegistrationViewController.swift in Sources */ = {isa = PBXBuildFile; fileRef = FAA4E23D279EE55200BC0196 /* RegistrationViewController.swift */; };
		FAA4E240279EE65F00BC0196 /* LoginViewModel.swift in Sources */ = {isa = PBXBuildFile; fileRef = FAA4E23F279EE65F00BC0196 /* LoginViewModel.swift */; };
		FAA4E245279EF2AA00BC0196 /* DarkBlueButton.swift in Sources */ = {isa = PBXBuildFile; fileRef = FAA4E244279EF2AA00BC0196 /* DarkBlueButton.swift */; };
		FAA4E247279EF2B400BC0196 /* LightBlueTextField.swift in Sources */ = {isa = PBXBuildFile; fileRef = FAA4E246279EF2B400BC0196 /* LightBlueTextField.swift */; };
		FAA4E24C279EF9AC00BC0196 /* TokenModel.swift in Sources */ = {isa = PBXBuildFile; fileRef = FAA4E24B279EF9AC00BC0196 /* TokenModel.swift */; };
		FAA4E24F279EFA6700BC0196 /* DeafaultsManager.swift in Sources */ = {isa = PBXBuildFile; fileRef = FAA4E24E279EFA6700BC0196 /* DeafaultsManager.swift */; };
		FAA4E251279F1AE400BC0196 /* RegistrationViewModel.swift in Sources */ = {isa = PBXBuildFile; fileRef = FAA4E250279F1AE400BC0196 /* RegistrationViewModel.swift */; };
		FAA4E253279F1DA800BC0196 /* NetworkManager.swift in Sources */ = {isa = PBXBuildFile; fileRef = FAA4E252279F1DA800BC0196 /* NetworkManager.swift */; };
/* End PBXBuildFile section */

/* Begin PBXFileReference section */
		5A6735B5E0084B6A44DACD31 /* Pods-LFP-Project-MVVMpattern.debug.xcconfig */ = {isa = PBXFileReference; includeInIndex = 1; lastKnownFileType = text.xcconfig; name = "Pods-LFP-Project-MVVMpattern.debug.xcconfig"; path = "Target Support Files/Pods-LFP-Project-MVVMpattern/Pods-LFP-Project-MVVMpattern.debug.xcconfig"; sourceTree = "<group>"; };
		9F6AA93C8776DAE53F45DBCD /* Pods-LFP-Project-MVVMpattern.release.xcconfig */ = {isa = PBXFileReference; includeInIndex = 1; lastKnownFileType = text.xcconfig; name = "Pods-LFP-Project-MVVMpattern.release.xcconfig"; path = "Target Support Files/Pods-LFP-Project-MVVMpattern/Pods-LFP-Project-MVVMpattern.release.xcconfig"; sourceTree = "<group>"; };
		F9BB24AED4506A1FB166F9B2 /* Pods_LFP_Project_MVVMpattern.framework */ = {isa = PBXFileReference; explicitFileType = wrapper.framework; includeInIndex = 0; path = Pods_LFP_Project_MVVMpattern.framework; sourceTree = BUILT_PRODUCTS_DIR; };
		FA028921279AAAF800F6489F /* LFP-Project-MVVMpattern.app */ = {isa = PBXFileReference; explicitFileType = wrapper.application; includeInIndex = 0; path = "LFP-Project-MVVMpattern.app"; sourceTree = BUILT_PRODUCTS_DIR; };
		FA028924279AAAF800F6489F /* AppDelegate.swift */ = {isa = PBXFileReference; lastKnownFileType = sourcecode.swift; path = AppDelegate.swift; sourceTree = "<group>"; };
		FA02892D279AAAFA00F6489F /* Assets.xcassets */ = {isa = PBXFileReference; lastKnownFileType = folder.assetcatalog; path = Assets.xcassets; sourceTree = "<group>"; };
		FA028930279AAAFA00F6489F /* Base */ = {isa = PBXFileReference; lastKnownFileType = file.storyboard; name = Base; path = Base.lproj/LaunchScreen.storyboard; sourceTree = "<group>"; };
		FA028932279AAAFA00F6489F /* Info.plist */ = {isa = PBXFileReference; lastKnownFileType = text.plist.xml; path = Info.plist; sourceTree = "<group>"; };
		FAA4E239279EE52B00BC0196 /* LoginViewController.swift */ = {isa = PBXFileReference; lastKnownFileType = sourcecode.swift; path = LoginViewController.swift; sourceTree = "<group>"; };
		FAA4E23D279EE55200BC0196 /* RegistrationViewController.swift */ = {isa = PBXFileReference; lastKnownFileType = sourcecode.swift; path = RegistrationViewController.swift; sourceTree = "<group>"; };
		FAA4E23F279EE65F00BC0196 /* LoginViewModel.swift */ = {isa = PBXFileReference; lastKnownFileType = sourcecode.swift; path = LoginViewModel.swift; sourceTree = "<group>"; };
		FAA4E244279EF2AA00BC0196 /* DarkBlueButton.swift */ = {isa = PBXFileReference; lastKnownFileType = sourcecode.swift; path = DarkBlueButton.swift; sourceTree = "<group>"; };
		FAA4E246279EF2B400BC0196 /* LightBlueTextField.swift */ = {isa = PBXFileReference; lastKnownFileType = sourcecode.swift; path = LightBlueTextField.swift; sourceTree = "<group>"; };
		FAA4E24B279EF9AC00BC0196 /* TokenModel.swift */ = {isa = PBXFileReference; lastKnownFileType = sourcecode.swift; path = TokenModel.swift; sourceTree = "<group>"; };
		FAA4E24E279EFA6700BC0196 /* DeafaultsManager.swift */ = {isa = PBXFileReference; lastKnownFileType = sourcecode.swift; path = DeafaultsManager.swift; sourceTree = "<group>"; };
		FAA4E250279F1AE400BC0196 /* RegistrationViewModel.swift */ = {isa = PBXFileReference; lastKnownFileType = sourcecode.swift; path = RegistrationViewModel.swift; sourceTree = "<group>"; };
		FAA4E252279F1DA800BC0196 /* NetworkManager.swift */ = {isa = PBXFileReference; lastKnownFileType = sourcecode.swift; path = NetworkManager.swift; sourceTree = "<group>"; };
/* End PBXFileReference section */

/* Begin PBXFrameworksBuildPhase section */
		FA02891E279AAAF800F6489F /* Frameworks */ = {
			isa = PBXFrameworksBuildPhase;
			buildActionMask = 2147483647;
			files = (
				2DABC64FFC85B2701A5D39F2 /* Pods_LFP_Project_MVVMpattern.framework in Frameworks */,
			);
			runOnlyForDeploymentPostprocessing = 0;
		};
/* End PBXFrameworksBuildPhase section */

/* Begin PBXGroup section */
		18F153A99FFAC6088A133F3E /* Frameworks */ = {
			isa = PBXGroup;
			children = (
				F9BB24AED4506A1FB166F9B2 /* Pods_LFP_Project_MVVMpattern.framework */,
			);
			name = Frameworks;
			sourceTree = "<group>";
		};
		F61324DD9C97C48B80B77415 /* Pods */ = {
			isa = PBXGroup;
			children = (
				5A6735B5E0084B6A44DACD31 /* Pods-LFP-Project-MVVMpattern.debug.xcconfig */,
				9F6AA93C8776DAE53F45DBCD /* Pods-LFP-Project-MVVMpattern.release.xcconfig */,
			);
			path = Pods;
			sourceTree = "<group>";
		};
		FA028918279AAAF800F6489F = {
			isa = PBXGroup;
			children = (
				FA028923279AAAF800F6489F /* LFP-Project-MVVMpattern */,
				FA028922279AAAF800F6489F /* Products */,
				F61324DD9C97C48B80B77415 /* Pods */,
				18F153A99FFAC6088A133F3E /* Frameworks */,
			);
			sourceTree = "<group>";
		};
		FA028922279AAAF800F6489F /* Products */ = {
			isa = PBXGroup;
			children = (
				FA028921279AAAF800F6489F /* LFP-Project-MVVMpattern.app */,
			);
			name = Products;
			sourceTree = "<group>";
		};
		FA028923279AAAF800F6489F /* LFP-Project-MVVMpattern */ = {
			isa = PBXGroup;
			children = (
				FAA4E238279EE50B00BC0196 /* LoginViewController+RegistrationViewController */,
				FAA4E243279EF28E00BC0196 /* CastomUIObjects */,
				FA028924279AAAF800F6489F /* AppDelegate.swift */,
				FAA4E24D279EFA3D00BC0196 /* DefaultsManager */,
				FAA4E254279F1DB300BC0196 /* NetworkManager */,
				FAA4E24A279EF99E00BC0196 /* NetworkModels */,
				FA02892D279AAAFA00F6489F /* Assets.xcassets */,
				FA02892F279AAAFA00F6489F /* LaunchScreen.storyboard */,
				FA028932279AAAFA00F6489F /* Info.plist */,
			);
			path = "LFP-Project-MVVMpattern";
			sourceTree = "<group>";
		};
		FAA4E238279EE50B00BC0196 /* LoginViewController+RegistrationViewController */ = {
			isa = PBXGroup;
			children = (
				FAA4E23B279EE53200BC0196 /* LoginViewController */,
				FAA4E23C279EE53C00BC0196 /* RegistrationViewController */,
			);
			path = "LoginViewController+RegistrationViewController";
			sourceTree = "<group>";
		};
		FAA4E23B279EE53200BC0196 /* LoginViewController */ = {
			isa = PBXGroup;
			children = (
				FAA4E239279EE52B00BC0196 /* LoginViewController.swift */,
				FAA4E23F279EE65F00BC0196 /* LoginViewModel.swift */,
			);
			path = LoginViewController;
			sourceTree = "<group>";
		};
		FAA4E23C279EE53C00BC0196 /* RegistrationViewController */ = {
			isa = PBXGroup;
			children = (
				FAA4E23D279EE55200BC0196 /* RegistrationViewController.swift */,
				FAA4E250279F1AE400BC0196 /* RegistrationViewModel.swift */,
			);
			path = RegistrationViewController;
			sourceTree = "<group>";
		};
		FAA4E243279EF28E00BC0196 /* CastomUIObjects */ = {
			isa = PBXGroup;
			children = (
				FAA4E244279EF2AA00BC0196 /* DarkBlueButton.swift */,
				FAA4E246279EF2B400BC0196 /* LightBlueTextField.swift */,
			);
			path = CastomUIObjects;
			sourceTree = "<group>";
		};
		FAA4E24A279EF99E00BC0196 /* NetworkModels */ = {
			isa = PBXGroup;
			children = (
				FAA4E24B279EF9AC00BC0196 /* TokenModel.swift */,
			);
			path = NetworkModels;
			sourceTree = "<group>";
		};
		FAA4E24D279EFA3D00BC0196 /* DefaultsManager */ = {
			isa = PBXGroup;
			children = (
				FAA4E24E279EFA6700BC0196 /* DeafaultsManager.swift */,
			);
			path = DefaultsManager;
			sourceTree = "<group>";
		};
		FAA4E254279F1DB300BC0196 /* NetworkManager */ = {
			isa = PBXGroup;
			children = (
				FAA4E252279F1DA800BC0196 /* NetworkManager.swift */,
			);
			path = NetworkManager;
			sourceTree = "<group>";
		};
/* End PBXGroup section */

/* Begin PBXNativeTarget section */
		FA028920279AAAF800F6489F /* LFP-Project-MVVMpattern */ = {
			isa = PBXNativeTarget;
			buildConfigurationList = FA028935279AAAFA00F6489F /* Build configuration list for PBXNativeTarget "LFP-Project-MVVMpattern" */;
			buildPhases = (
				F3085CF5373A757EE997BD56 /* [CP] Check Pods Manifest.lock */,
				FA02891D279AAAF800F6489F /* Sources */,
				FA02891E279AAAF800F6489F /* Frameworks */,
				FA02891F279AAAF800F6489F /* Resources */,
				653273F1FEEC56FE3B6BC286 /* [CP] Embed Pods Frameworks */,
			);
			buildRules = (
			);
			dependencies = (
			);
			name = "LFP-Project-MVVMpattern";
			productName = "LFP-Project-MVVMpattern";
			productReference = FA028921279AAAF800F6489F /* LFP-Project-MVVMpattern.app */;
			productType = "com.apple.product-type.application";
		};
/* End PBXNativeTarget section */

/* Begin PBXProject section */
		FA028919279AAAF800F6489F /* Project object */ = {
			isa = PBXProject;
			attributes = {
				BuildIndependentTargetsInParallel = 1;
				LastSwiftUpdateCheck = 1320;
				LastUpgradeCheck = 1320;
				TargetAttributes = {
					FA028920279AAAF800F6489F = {
						CreatedOnToolsVersion = 13.2.1;
					};
				};
			};
			buildConfigurationList = FA02891C279AAAF800F6489F /* Build configuration list for PBXProject "LFP-Project-MVVMpattern" */;
			compatibilityVersion = "Xcode 13.0";
			developmentRegion = en;
			hasScannedForEncodings = 0;
			knownRegions = (
				en,
				Base,
			);
			mainGroup = FA028918279AAAF800F6489F;
			productRefGroup = FA028922279AAAF800F6489F /* Products */;
			projectDirPath = "";
			projectRoot = "";
			targets = (
				FA028920279AAAF800F6489F /* LFP-Project-MVVMpattern */,
			);
		};
/* End PBXProject section */

/* Begin PBXResourcesBuildPhase section */
		FA02891F279AAAF800F6489F /* Resources */ = {
			isa = PBXResourcesBuildPhase;
			buildActionMask = 2147483647;
			files = (
				FA028931279AAAFA00F6489F /* LaunchScreen.storyboard in Resources */,
				FA02892E279AAAFA00F6489F /* Assets.xcassets in Resources */,
			);
			runOnlyForDeploymentPostprocessing = 0;
		};
/* End PBXResourcesBuildPhase section */

/* Begin PBXShellScriptBuildPhase section */
		653273F1FEEC56FE3B6BC286 /* [CP] Embed Pods Frameworks */ = {
			isa = PBXShellScriptBuildPhase;
			buildActionMask = 2147483647;
			files = (
			);
			inputFileListPaths = (
				"${PODS_ROOT}/Target Support Files/Pods-LFP-Project-MVVMpattern/Pods-LFP-Project-MVVMpattern-frameworks-${CONFIGURATION}-input-files.xcfilelist",
			);
			name = "[CP] Embed Pods Frameworks";
			outputFileListPaths = (
				"${PODS_ROOT}/Target Support Files/Pods-LFP-Project-MVVMpattern/Pods-LFP-Project-MVVMpattern-frameworks-${CONFIGURATION}-output-files.xcfilelist",
			);
			runOnlyForDeploymentPostprocessing = 0;
			shellPath = /bin/sh;
			shellScript = "\"${PODS_ROOT}/Target Support Files/Pods-LFP-Project-MVVMpattern/Pods-LFP-Project-MVVMpattern-frameworks.sh\"\n";
			showEnvVarsInLog = 0;
		};
		F3085CF5373A757EE997BD56 /* [CP] Check Pods Manifest.lock */ = {
			isa = PBXShellScriptBuildPhase;
			buildActionMask = 2147483647;
			files = (
			);
			inputFileListPaths = (
			);
			inputPaths = (
				"${PODS_PODFILE_DIR_PATH}/Podfile.lock",
				"${PODS_ROOT}/Manifest.lock",
			);
			name = "[CP] Check Pods Manifest.lock";
			outputFileListPaths = (
			);
			outputPaths = (
				"$(DERIVED_FILE_DIR)/Pods-LFP-Project-MVVMpattern-checkManifestLockResult.txt",
			);
			runOnlyForDeploymentPostprocessing = 0;
			shellPath = /bin/sh;
			shellScript = "diff \"${PODS_PODFILE_DIR_PATH}/Podfile.lock\" \"${PODS_ROOT}/Manifest.lock\" > /dev/null\nif [ $? != 0 ] ; then\n    # print error to STDERR\n    echo \"error: The sandbox is not in sync with the Podfile.lock. Run 'pod install' or update your CocoaPods installation.\" >&2\n    exit 1\nfi\n# This output is used by Xcode 'outputs' to avoid re-running this script phase.\necho \"SUCCESS\" > \"${SCRIPT_OUTPUT_FILE_0}\"\n";
			showEnvVarsInLog = 0;
		};
/* End PBXShellScriptBuildPhase section */

/* Begin PBXSourcesBuildPhase section */
		FA02891D279AAAF800F6489F /* Sources */ = {
			isa = PBXSourcesBuildPhase;
			buildActionMask = 2147483647;
			files = (
				FAA4E245279EF2AA00BC0196 /* DarkBlueButton.swift in Sources */,
				FAA4E251279F1AE400BC0196 /* RegistrationViewModel.swift in Sources */,
				FAA4E253279F1DA800BC0196 /* NetworkManager.swift in Sources */,
				FAA4E23E279EE55200BC0196 /* RegistrationViewController.swift in Sources */,
				FAA4E24C279EF9AC00BC0196 /* TokenModel.swift in Sources */,
				FAA4E23A279EE52B00BC0196 /* LoginViewController.swift in Sources */,
				FAA4E240279EE65F00BC0196 /* LoginViewModel.swift in Sources */,
				FAA4E24F279EFA6700BC0196 /* DeafaultsManager.swift in Sources */,
				FAA4E247279EF2B400BC0196 /* LightBlueTextField.swift in Sources */,
				FA028925279AAAF800F6489F /* AppDelegate.swift in Sources */,
			);
			runOnlyForDeploymentPostprocessing = 0;
		};
/* End PBXSourcesBuildPhase section */

/* Begin PBXVariantGroup section */
		FA02892F279AAAFA00F6489F /* LaunchScreen.storyboard */ = {
			isa = PBXVariantGroup;
			children = (
				FA028930279AAAFA00F6489F /* Base */,
			);
			name = LaunchScreen.storyboard;
			sourceTree = "<group>";
		};
/* End PBXVariantGroup section */

/* Begin XCBuildConfiguration section */
		FA028933279AAAFA00F6489F /* Debug */ = {
			isa = XCBuildConfiguration;
			buildSettings = {
				ALWAYS_SEARCH_USER_PATHS = NO;
				CLANG_ANALYZER_NONNULL = YES;
				CLANG_ANALYZER_NUMBER_OBJECT_CONVERSION = YES_AGGRESSIVE;
				CLANG_CXX_LANGUAGE_STANDARD = "gnu++17";
				CLANG_CXX_LIBRARY = "libc++";
				CLANG_ENABLE_MODULES = YES;
				CLANG_ENABLE_OBJC_ARC = YES;
				CLANG_ENABLE_OBJC_WEAK = YES;
				CLANG_WARN_BLOCK_CAPTURE_AUTORELEASING = YES;
				CLANG_WARN_BOOL_CONVERSION = YES;
				CLANG_WARN_COMMA = YES;
				CLANG_WARN_CONSTANT_CONVERSION = YES;
				CLANG_WARN_DEPRECATED_OBJC_IMPLEMENTATIONS = YES;
				CLANG_WARN_DIRECT_OBJC_ISA_USAGE = YES_ERROR;
				CLANG_WARN_DOCUMENTATION_COMMENTS = YES;
				CLANG_WARN_EMPTY_BODY = YES;
				CLANG_WARN_ENUM_CONVERSION = YES;
				CLANG_WARN_INFINITE_RECURSION = YES;
				CLANG_WARN_INT_CONVERSION = YES;
				CLANG_WARN_NON_LITERAL_NULL_CONVERSION = YES;
				CLANG_WARN_OBJC_IMPLICIT_RETAIN_SELF = YES;
				CLANG_WARN_OBJC_LITERAL_CONVERSION = YES;
				CLANG_WARN_OBJC_ROOT_CLASS = YES_ERROR;
				CLANG_WARN_QUOTED_INCLUDE_IN_FRAMEWORK_HEADER = YES;
				CLANG_WARN_RANGE_LOOP_ANALYSIS = YES;
				CLANG_WARN_STRICT_PROTOTYPES = YES;
				CLANG_WARN_SUSPICIOUS_MOVE = YES;
				CLANG_WARN_UNGUARDED_AVAILABILITY = YES_AGGRESSIVE;
				CLANG_WARN_UNREACHABLE_CODE = YES;
				CLANG_WARN__DUPLICATE_METHOD_MATCH = YES;
				COPY_PHASE_STRIP = NO;
				DEBUG_INFORMATION_FORMAT = dwarf;
				ENABLE_STRICT_OBJC_MSGSEND = YES;
				ENABLE_TESTABILITY = YES;
				GCC_C_LANGUAGE_STANDARD = gnu11;
				GCC_DYNAMIC_NO_PIC = NO;
				GCC_NO_COMMON_BLOCKS = YES;
				GCC_OPTIMIZATION_LEVEL = 0;
				GCC_PREPROCESSOR_DEFINITIONS = (
					"DEBUG=1",
					"$(inherited)",
				);
				GCC_WARN_64_TO_32_BIT_CONVERSION = YES;
				GCC_WARN_ABOUT_RETURN_TYPE = YES_ERROR;
				GCC_WARN_UNDECLARED_SELECTOR = YES;
				GCC_WARN_UNINITIALIZED_AUTOS = YES_AGGRESSIVE;
				GCC_WARN_UNUSED_FUNCTION = YES;
				GCC_WARN_UNUSED_VARIABLE = YES;
				IPHONEOS_DEPLOYMENT_TARGET = 15.2;
				MTL_ENABLE_DEBUG_INFO = INCLUDE_SOURCE;
				MTL_FAST_MATH = YES;
				ONLY_ACTIVE_ARCH = YES;
				SDKROOT = iphoneos;
				SWIFT_ACTIVE_COMPILATION_CONDITIONS = DEBUG;
				SWIFT_OPTIMIZATION_LEVEL = "-Onone";
			};
			name = Debug;
		};
		FA028934279AAAFA00F6489F /* Release */ = {
			isa = XCBuildConfiguration;
			buildSettings = {
				ALWAYS_SEARCH_USER_PATHS = NO;
				CLANG_ANALYZER_NONNULL = YES;
				CLANG_ANALYZER_NUMBER_OBJECT_CONVERSION = YES_AGGRESSIVE;
				CLANG_CXX_LANGUAGE_STANDARD = "gnu++17";
				CLANG_CXX_LIBRARY = "libc++";
				CLANG_ENABLE_MODULES = YES;
				CLANG_ENABLE_OBJC_ARC = YES;
				CLANG_ENABLE_OBJC_WEAK = YES;
				CLANG_WARN_BLOCK_CAPTURE_AUTORELEASING = YES;
				CLANG_WARN_BOOL_CONVERSION = YES;
				CLANG_WARN_COMMA = YES;
				CLANG_WARN_CONSTANT_CONVERSION = YES;
				CLANG_WARN_DEPRECATED_OBJC_IMPLEMENTATIONS = YES;
				CLANG_WARN_DIRECT_OBJC_ISA_USAGE = YES_ERROR;
				CLANG_WARN_DOCUMENTATION_COMMENTS = YES;
				CLANG_WARN_EMPTY_BODY = YES;
				CLANG_WARN_ENUM_CONVERSION = YES;
				CLANG_WARN_INFINITE_RECURSION = YES;
				CLANG_WARN_INT_CONVERSION = YES;
				CLANG_WARN_NON_LITERAL_NULL_CONVERSION = YES;
				CLANG_WARN_OBJC_IMPLICIT_RETAIN_SELF = YES;
				CLANG_WARN_OBJC_LITERAL_CONVERSION = YES;
				CLANG_WARN_OBJC_ROOT_CLASS = YES_ERROR;
				CLANG_WARN_QUOTED_INCLUDE_IN_FRAMEWORK_HEADER = YES;
				CLANG_WARN_RANGE_LOOP_ANALYSIS = YES;
				CLANG_WARN_STRICT_PROTOTYPES = YES;
				CLANG_WARN_SUSPICIOUS_MOVE = YES;
				CLANG_WARN_UNGUARDED_AVAILABILITY = YES_AGGRESSIVE;
				CLANG_WARN_UNREACHABLE_CODE = YES;
				CLANG_WARN__DUPLICATE_METHOD_MATCH = YES;
				COPY_PHASE_STRIP = NO;
				DEBUG_INFORMATION_FORMAT = "dwarf-with-dsym";
				ENABLE_NS_ASSERTIONS = NO;
				ENABLE_STRICT_OBJC_MSGSEND = YES;
				GCC_C_LANGUAGE_STANDARD = gnu11;
				GCC_NO_COMMON_BLOCKS = YES;
				GCC_WARN_64_TO_32_BIT_CONVERSION = YES;
				GCC_WARN_ABOUT_RETURN_TYPE = YES_ERROR;
				GCC_WARN_UNDECLARED_SELECTOR = YES;
				GCC_WARN_UNINITIALIZED_AUTOS = YES_AGGRESSIVE;
				GCC_WARN_UNUSED_FUNCTION = YES;
				GCC_WARN_UNUSED_VARIABLE = YES;
				IPHONEOS_DEPLOYMENT_TARGET = 15.2;
				MTL_ENABLE_DEBUG_INFO = NO;
				MTL_FAST_MATH = YES;
				SDKROOT = iphoneos;
				SWIFT_COMPILATION_MODE = wholemodule;
				SWIFT_OPTIMIZATION_LEVEL = "-O";
				VALIDATE_PRODUCT = YES;
			};
			name = Release;
		};
		FA028936279AAAFA00F6489F /* Debug */ = {
			isa = XCBuildConfiguration;
			baseConfigurationReference = 5A6735B5E0084B6A44DACD31 /* Pods-LFP-Project-MVVMpattern.debug.xcconfig */;
			buildSettings = {
				ASSETCATALOG_COMPILER_APPICON_NAME = AppIcon;
				ASSETCATALOG_COMPILER_GLOBAL_ACCENT_COLOR_NAME = AccentColor;
				CODE_SIGN_STYLE = Automatic;
				CURRENT_PROJECT_VERSION = 1;
				DEVELOPMENT_TEAM = 4L78X33RT3;
				GENERATE_INFOPLIST_FILE = YES;
				INFOPLIST_FILE = "LFP-Project-MVVMpattern/Info.plist";
				INFOPLIST_KEY_UIApplicationSupportsIndirectInputEvents = YES;
				INFOPLIST_KEY_UILaunchStoryboardName = LaunchScreen;
				INFOPLIST_KEY_UISupportedInterfaceOrientations_iPad = "UIInterfaceOrientationPortrait UIInterfaceOrientationPortraitUpsideDown UIInterfaceOrientationLandscapeLeft UIInterfaceOrientationLandscapeRight";
				INFOPLIST_KEY_UISupportedInterfaceOrientations_iPhone = "UIInterfaceOrientationPortrait UIInterfaceOrientationLandscapeLeft UIInterfaceOrientationLandscapeRight";
				LD_RUNPATH_SEARCH_PATHS = (
					"$(inherited)",
					"@executable_path/Frameworks",
				);
				MARKETING_VERSION = 1.0;
				PRODUCT_BUNDLE_IDENTIFIER = "come.razeware.LFP-Project-MVVMpattern";
				PRODUCT_NAME = "$(TARGET_NAME)";
				SWIFT_EMIT_LOC_STRINGS = YES;
				SWIFT_VERSION = 5.0;
				TARGETED_DEVICE_FAMILY = "1,2";
			};
			name = Debug;
		};
		FA028937279AAAFA00F6489F /* Release */ = {
			isa = XCBuildConfiguration;
			baseConfigurationReference = 9F6AA93C8776DAE53F45DBCD /* Pods-LFP-Project-MVVMpattern.release.xcconfig */;
			buildSettings = {
				ASSETCATALOG_COMPILER_APPICON_NAME = AppIcon;
				ASSETCATALOG_COMPILER_GLOBAL_ACCENT_COLOR_NAME = AccentColor;
				CODE_SIGN_STYLE = Automatic;
				CURRENT_PROJECT_VERSION = 1;
				DEVELOPMENT_TEAM = 4L78X33RT3;
				GENERATE_INFOPLIST_FILE = YES;
				INFOPLIST_FILE = "LFP-Project-MVVMpattern/Info.plist";
				INFOPLIST_KEY_UIApplicationSupportsIndirectInputEvents = YES;
				INFOPLIST_KEY_UILaunchStoryboardName = LaunchScreen;
				INFOPLIST_KEY_UISupportedInterfaceOrientations_iPad = "UIInterfaceOrientationPortrait UIInterfaceOrientationPortraitUpsideDown UIInterfaceOrientationLandscapeLeft UIInterfaceOrientationLandscapeRight";
				INFOPLIST_KEY_UISupportedInterfaceOrientations_iPhone = "UIInterfaceOrientationPortrait UIInterfaceOrientationLandscapeLeft UIInterfaceOrientationLandscapeRight";
				LD_RUNPATH_SEARCH_PATHS = (
					"$(inherited)",
					"@executable_path/Frameworks",
				);
				MARKETING_VERSION = 1.0;
				PRODUCT_BUNDLE_IDENTIFIER = "come.razeware.LFP-Project-MVVMpattern";
				PRODUCT_NAME = "$(TARGET_NAME)";
				SWIFT_EMIT_LOC_STRINGS = YES;
				SWIFT_VERSION = 5.0;
				TARGETED_DEVICE_FAMILY = "1,2";
			};
			name = Release;
		};
/* End XCBuildConfiguration section */

/* Begin XCConfigurationList section */
		FA02891C279AAAF800F6489F /* Build configuration list for PBXProject "LFP-Project-MVVMpattern" */ = {
			isa = XCConfigurationList;
			buildConfigurations = (
				FA028933279AAAFA00F6489F /* Debug */,
				FA028934279AAAFA00F6489F /* Release */,
			);
			defaultConfigurationIsVisible = 0;
			defaultConfigurationName = Release;
		};
		FA028935279AAAFA00F6489F /* Build configuration list for PBXNativeTarget "LFP-Project-MVVMpattern" */ = {
			isa = XCConfigurationList;
			buildConfigurations = (
				FA028936279AAAFA00F6489F /* Debug */,
				FA028937279AAAFA00F6489F /* Release */,
			);
			defaultConfigurationIsVisible = 0;
			defaultConfigurationName = Release;
		};
/* End XCConfigurationList section */
	};
	rootObject = FA028919279AAAF800F6489F /* Project object */;
}
